
Microsoft Visual Studio Solution File, Format Version 12.00
# Visual Studio 2012
Project("{FAE04EC0-301F-11D3-BF4B-00C04F79EFBC}") = "Bitwall", "Bitwall\Bitwall.csproj", "{620DDDF4-06DF-41F9-8910-40787E11A47C}"
EndProject
Global
	GlobalSection(SolutionConfigurationPlatforms) = preSolution
		Debug|Any CPU = Debug|Any CPU
		Release|Any CPU = Release|Any CPU
	EndGlobalSection
	GlobalSection(ProjectConfigurationPlatforms) = postSolution
		{620DDDF4-06DF-41F9-8910-40787E11A47C}.Debug|Any CPU.ActiveCfg = Debug|Any CPU
		{620DDDF4-06DF-41F9-8910-40787E11A47C}.Debug|Any CPU.Build.0 = Debug|Any CPU
		{620DDDF4-06DF-41F9-8910-40787E11A47C}.Release|Any CPU.ActiveCfg = Release|Any CPU
		{620DDDF4-06DF-41F9-8910-40787E11A47C}.Release|Any CPU.Build.0 = Release|Any CPU
	EndGlobalSection
	GlobalSection(SolutionProperties) = preSolution
		HideSolutionNode = FALSE
	EndGlobalSection
EndGlobal
